// !$*UTF8*$!
{
	archiveVersion = 1;
	classes = {
	};
	objectVersion = 50;
	objects = {

/* Begin PBXBuildFile section */
		28994DBB2668B9DC00BB0E6E /* GameLoader.swift in Sources */ = {isa = PBXBuildFile; fileRef = 28994DBA2668B9DC00BB0E6E /* GameLoader.swift */; };
		28F8BC7C2667BBF60069208B /* Dice.swift in Sources */ = {isa = PBXBuildFile; fileRef = 28F8BC7A2667BBF60069208B /* Dice.swift */; };
		28F8BC7D2667BBF60069208B /* Player.swift in Sources */ = {isa = PBXBuildFile; fileRef = 28F8BC7B2667BBF60069208B /* Player.swift */; };
		35038C9B26690A7D00E0945A /* EightBitDragon-anqx.ttf in Resources */ = {isa = PBXBuildFile; fileRef = 35038C9A26690A7D00E0945A /* EightBitDragon-anqx.ttf */; };
		35038C9D26690A8F00E0945A /* ConnectionIi-2wj8.otf in Resources */ = {isa = PBXBuildFile; fileRef = 35038C9C26690A8F00E0945A /* ConnectionIi-2wj8.otf */; };
		352D82982664FFC30001357F /* TileSet.sks in Resources */ = {isa = PBXBuildFile; fileRef = 352D82972664FFC30001357F /* TileSet.sks */; };
		352D829A2665058B0001357F /* MyScene.sks in Resources */ = {isa = PBXBuildFile; fileRef = 352D82992665058B0001357F /* MyScene.sks */; };
		35892C0E266517E10096A4D3 /* GameScene.swift in Sources */ = {isa = PBXBuildFile; fileRef = 35892C0D266517E00096A4D3 /* GameScene.swift */; };
		3595B017265E8ADE00FBC6A8 /* land_in_sightApp.swift in Sources */ = {isa = PBXBuildFile; fileRef = 3595B016265E8ADE00FBC6A8 /* land_in_sightApp.swift */; };
		3595B019265E8ADE00FBC6A8 /* StartGameView.swift in Sources */ = {isa = PBXBuildFile; fileRef = 3595B018265E8ADE00FBC6A8 /* StartGameView.swift */; };
		3595B01B265E8AE000FBC6A8 /* Assets.xcassets in Resources */ = {isa = PBXBuildFile; fileRef = 3595B01A265E8AE000FBC6A8 /* Assets.xcassets */; };
		3595B01E265E8AE000FBC6A8 /* Preview Assets.xcassets in Resources */ = {isa = PBXBuildFile; fileRef = 3595B01D265E8AE000FBC6A8 /* Preview Assets.xcassets */; };
		35AFB8A72669052400A2A4EB /* GameEnvironment.swift in Sources */ = {isa = PBXBuildFile; fileRef = 35AFB8A62669052400A2A4EB /* GameEnvironment.swift */; };
/* End PBXBuildFile section */

/* Begin PBXFileReference section */
		28994DBA2668B9DC00BB0E6E /* GameLoader.swift */ = {isa = PBXFileReference; lastKnownFileType = sourcecode.swift; path = GameLoader.swift; sourceTree = "<group>"; };
		28F8BC7A2667BBF60069208B /* Dice.swift */ = {isa = PBXFileReference; fileEncoding = 4; lastKnownFileType = sourcecode.swift; path = Dice.swift; sourceTree = "<group>"; };
		28F8BC7B2667BBF60069208B /* Player.swift */ = {isa = PBXFileReference; fileEncoding = 4; lastKnownFileType = sourcecode.swift; path = Player.swift; sourceTree = "<group>"; };
		35038C9A26690A7D00E0945A /* EightBitDragon-anqx.ttf */ = {isa = PBXFileReference; lastKnownFileType = file; path = "EightBitDragon-anqx.ttf"; sourceTree = "<group>"; };
		35038C9C26690A8F00E0945A /* ConnectionIi-2wj8.otf */ = {isa = PBXFileReference; lastKnownFileType = file; path = "ConnectionIi-2wj8.otf"; sourceTree = "<group>"; };
		350D25AA26666126008FFCA2 /* MyPlayground.playground */ = {isa = PBXFileReference; lastKnownFileType = file.playground; path = MyPlayground.playground; sourceTree = "<group>"; xcLanguageSpecificationIdentifier = xcode.lang.swift; };
		352D82972664FFC30001357F /* TileSet.sks */ = {isa = PBXFileReference; lastKnownFileType = file.sks; path = TileSet.sks; sourceTree = "<group>"; };
		352D82992665058B0001357F /* MyScene.sks */ = {isa = PBXFileReference; lastKnownFileType = file.sks; path = MyScene.sks; sourceTree = "<group>"; };
		35892C0D266517E00096A4D3 /* GameScene.swift */ = {isa = PBXFileReference; lastKnownFileType = sourcecode.swift; path = GameScene.swift; sourceTree = "<group>"; };
		3595B013265E8ADE00FBC6A8 /* land in sight.app */ = {isa = PBXFileReference; explicitFileType = wrapper.application; includeInIndex = 0; path = "land in sight.app"; sourceTree = BUILT_PRODUCTS_DIR; };
		3595B016265E8ADE00FBC6A8 /* land_in_sightApp.swift */ = {isa = PBXFileReference; lastKnownFileType = sourcecode.swift; path = land_in_sightApp.swift; sourceTree = "<group>"; };
		3595B018265E8ADE00FBC6A8 /* StartGameView.swift */ = {isa = PBXFileReference; lastKnownFileType = sourcecode.swift; path = StartGameView.swift; sourceTree = "<group>"; };
		3595B01A265E8AE000FBC6A8 /* Assets.xcassets */ = {isa = PBXFileReference; lastKnownFileType = folder.assetcatalog; path = Assets.xcassets; sourceTree = "<group>"; };
		3595B01D265E8AE000FBC6A8 /* Preview Assets.xcassets */ = {isa = PBXFileReference; lastKnownFileType = folder.assetcatalog; path = "Preview Assets.xcassets"; sourceTree = "<group>"; };
		3595B01F265E8AE000FBC6A8 /* Info.plist */ = {isa = PBXFileReference; lastKnownFileType = text.plist.xml; path = Info.plist; sourceTree = "<group>"; };
		35AFB8A62669052400A2A4EB /* GameEnvironment.swift */ = {isa = PBXFileReference; lastKnownFileType = sourcecode.swift; path = GameEnvironment.swift; sourceTree = "<group>"; };
/* End PBXFileReference section */

/* Begin PBXFrameworksBuildPhase section */
		3595B010265E8ADE00FBC6A8 /* Frameworks */ = {
			isa = PBXFrameworksBuildPhase;
			buildActionMask = 2147483647;
			files = (
			);
			runOnlyForDeploymentPostprocessing = 0;
		};
/* End PBXFrameworksBuildPhase section */

/* Begin PBXGroup section */
		28994DB82668B90D00BB0E6E /* View */ = {
			isa = PBXGroup;
			children = (
				352D82992665058B0001357F /* MyScene.sks */,
				352D82972664FFC30001357F /* TileSet.sks */,
			);
			path = View;
			sourceTree = "<group>";
		};
		28994DB92668B94400BB0E6E /* GameControl */ = {
			isa = PBXGroup;
			children = (
				35892C0D266517E00096A4D3 /* GameScene.swift */,
				28994DBA2668B9DC00BB0E6E /* GameLoader.swift */,
				35AFB8A62669052400A2A4EB /* GameEnvironment.swift */,
			);
			path = GameControl;
			sourceTree = "<group>";
		};
		28F8BC792667BBF60069208B /* InGameObj */ = {
			isa = PBXGroup;
			children = (
				28F8BC7A2667BBF60069208B /* Dice.swift */,
				28F8BC7B2667BBF60069208B /* Player.swift */,
			);
			path = InGameObj;
			sourceTree = "<group>";
		};
		3595B00A265E8ADE00FBC6A8 = {
			isa = PBXGroup;
			children = (
				3595B015265E8ADE00FBC6A8 /* land in sight */,
				3595B014265E8ADE00FBC6A8 /* Products */,
			);
			sourceTree = "<group>";
		};
		3595B014265E8ADE00FBC6A8 /* Products */ = {
			isa = PBXGroup;
			children = (
				3595B013265E8ADE00FBC6A8 /* land in sight.app */,
			);
			name = Products;
			sourceTree = "<group>";
		};
		3595B015265E8ADE00FBC6A8 /* land in sight */ = {
			isa = PBXGroup;
			children = (
				28994DB92668B94400BB0E6E /* GameControl */,
				28994DB82668B90D00BB0E6E /* View */,
				28F8BC792667BBF60069208B /* InGameObj */,
				3595B016265E8ADE00FBC6A8 /* land_in_sightApp.swift */,
				3595B018265E8ADE00FBC6A8 /* StartGameView.swift */,
				35038C9A26690A7D00E0945A /* EightBitDragon-anqx.ttf */,
				35038C9C26690A8F00E0945A /* ConnectionIi-2wj8.otf */,
				350D25AA26666126008FFCA2 /* MyPlayground.playground */,
				3595B01A265E8AE000FBC6A8 /* Assets.xcassets */,
				3595B01F265E8AE000FBC6A8 /* Info.plist */,
				3595B01C265E8AE000FBC6A8 /* Preview Content */,
			);
			path = "land in sight";
			sourceTree = "<group>";
		};
		3595B01C265E8AE000FBC6A8 /* Preview Content */ = {
			isa = PBXGroup;
			children = (
				3595B01D265E8AE000FBC6A8 /* Preview Assets.xcassets */,
			);
			path = "Preview Content";
			sourceTree = "<group>";
		};
/* End PBXGroup section */

/* Begin PBXNativeTarget section */
		3595B012265E8ADE00FBC6A8 /* land in sight */ = {
			isa = PBXNativeTarget;
			buildConfigurationList = 3595B022265E8AE000FBC6A8 /* Build configuration list for PBXNativeTarget "land in sight" */;
			buildPhases = (
				3595B00F265E8ADE00FBC6A8 /* Sources */,
				3595B010265E8ADE00FBC6A8 /* Frameworks */,
				3595B011265E8ADE00FBC6A8 /* Resources */,
			);
			buildRules = (
			);
			dependencies = (
			);
			name = "land in sight";
			productName = "land in sight";
			productReference = 3595B013265E8ADE00FBC6A8 /* land in sight.app */;
			productType = "com.apple.product-type.application";
		};
/* End PBXNativeTarget section */

/* Begin PBXProject section */
		3595B00B265E8ADE00FBC6A8 /* Project object */ = {
			isa = PBXProject;
			attributes = {
				LastSwiftUpdateCheck = 1250;
				LastUpgradeCheck = 1250;
				TargetAttributes = {
					3595B012265E8ADE00FBC6A8 = {
						CreatedOnToolsVersion = 12.5;
					};
				};
			};
			buildConfigurationList = 3595B00E265E8ADE00FBC6A8 /* Build configuration list for PBXProject "land in sight" */;
			compatibilityVersion = "Xcode 9.3";
			developmentRegion = en;
			hasScannedForEncodings = 0;
			knownRegions = (
				en,
				Base,
			);
			mainGroup = 3595B00A265E8ADE00FBC6A8;
			productRefGroup = 3595B014265E8ADE00FBC6A8 /* Products */;
			projectDirPath = "";
			projectRoot = "";
			targets = (
				3595B012265E8ADE00FBC6A8 /* land in sight */,
			);
		};
/* End PBXProject section */

/* Begin PBXResourcesBuildPhase section */
		3595B011265E8ADE00FBC6A8 /* Resources */ = {
			isa = PBXResourcesBuildPhase;
			buildActionMask = 2147483647;
			files = (
				352D82982664FFC30001357F /* TileSet.sks in Resources */,
				3595B01E265E8AE000FBC6A8 /* Preview Assets.xcassets in Resources */,
				352D829A2665058B0001357F /* MyScene.sks in Resources */,
				35038C9B26690A7D00E0945A /* EightBitDragon-anqx.ttf in Resources */,
				35038C9D26690A8F00E0945A /* ConnectionIi-2wj8.otf in Resources */,
				3595B01B265E8AE000FBC6A8 /* Assets.xcassets in Resources */,
			);
			runOnlyForDeploymentPostprocessing = 0;
		};
/* End PBXResourcesBuildPhase section */

/* Begin PBXSourcesBuildPhase section */
		3595B00F265E8ADE00FBC6A8 /* Sources */ = {
			isa = PBXSourcesBuildPhase;
			buildActionMask = 2147483647;
			files = (
				28994DBB2668B9DC00BB0E6E /* GameLoader.swift in Sources */,
				35892C0E266517E10096A4D3 /* GameScene.swift in Sources */,
				3595B019265E8ADE00FBC6A8 /* StartGameView.swift in Sources */,
				28F8BC7C2667BBF60069208B /* Dice.swift in Sources */,
				28F8BC7D2667BBF60069208B /* Player.swift in Sources */,
				35AFB8A72669052400A2A4EB /* GameEnvironment.swift in Sources */,
				3595B017265E8ADE00FBC6A8 /* land_in_sightApp.swift in Sources */,
			);
			runOnlyForDeploymentPostprocessing = 0;
		};
/* End PBXSourcesBuildPhase section */

/* Begin XCBuildConfiguration section */
		3595B020265E8AE000FBC6A8 /* Debug */ = {
			isa = XCBuildConfiguration;
			buildSettings = {
				ALWAYS_SEARCH_USER_PATHS = NO;
				CLANG_ANALYZER_NONNULL = YES;
				CLANG_ANALYZER_NUMBER_OBJECT_CONVERSION = YES_AGGRESSIVE;
				CLANG_CXX_LANGUAGE_STANDARD = "gnu++14";
				CLANG_CXX_LIBRARY = "libc++";
				CLANG_ENABLE_MODULES = YES;
				CLANG_ENABLE_OBJC_ARC = YES;
				CLANG_ENABLE_OBJC_WEAK = YES;
				CLANG_WARN_BLOCK_CAPTURE_AUTORELEASING = YES;
				CLANG_WARN_BOOL_CONVERSION = YES;
				CLANG_WARN_COMMA = YES;
				CLANG_WARN_CONSTANT_CONVERSION = YES;
				CLANG_WARN_DEPRECATED_OBJC_IMPLEMENTATIONS = YES;
				CLANG_WARN_DIRECT_OBJC_ISA_USAGE = YES_ERROR;
				CLANG_WARN_DOCUMENTATION_COMMENTS = YES;
				CLANG_WARN_EMPTY_BODY = YES;
				CLANG_WARN_ENUM_CONVERSION = YES;
				CLANG_WARN_INFINITE_RECURSION = YES;
				CLANG_WARN_INT_CONVERSION = YES;
				CLANG_WARN_NON_LITERAL_NULL_CONVERSION = YES;
				CLANG_WARN_OBJC_IMPLICIT_RETAIN_SELF = YES;
				CLANG_WARN_OBJC_LITERAL_CONVERSION = YES;
				CLANG_WARN_OBJC_ROOT_CLASS = YES_ERROR;
				CLANG_WARN_QUOTED_INCLUDE_IN_FRAMEWORK_HEADER = YES;
				CLANG_WARN_RANGE_LOOP_ANALYSIS = YES;
				CLANG_WARN_STRICT_PROTOTYPES = YES;
				CLANG_WARN_SUSPICIOUS_MOVE = YES;
				CLANG_WARN_UNGUARDED_AVAILABILITY = YES_AGGRESSIVE;
				CLANG_WARN_UNREACHABLE_CODE = YES;
				CLANG_WARN__DUPLICATE_METHOD_MATCH = YES;
				COPY_PHASE_STRIP = NO;
				DEBUG_INFORMATION_FORMAT = dwarf;
				ENABLE_STRICT_OBJC_MSGSEND = YES;
				ENABLE_TESTABILITY = YES;
				GCC_C_LANGUAGE_STANDARD = gnu11;
				GCC_DYNAMIC_NO_PIC = NO;
				GCC_NO_COMMON_BLOCKS = YES;
				GCC_OPTIMIZATION_LEVEL = 0;
				GCC_PREPROCESSOR_DEFINITIONS = (
					"DEBUG=1",
					"$(inherited)",
				);
				GCC_WARN_64_TO_32_BIT_CONVERSION = YES;
				GCC_WARN_ABOUT_RETURN_TYPE = YES_ERROR;
				GCC_WARN_UNDECLARED_SELECTOR = YES;
				GCC_WARN_UNINITIALIZED_AUTOS = YES_AGGRESSIVE;
				GCC_WARN_UNUSED_FUNCTION = YES;
				GCC_WARN_UNUSED_VARIABLE = YES;
				MTL_ENABLE_DEBUG_INFO = INCLUDE_SOURCE;
				MTL_FAST_MATH = YES;
				ONLY_ACTIVE_ARCH = YES;
				SDKROOT = appletvos;
				SWIFT_ACTIVE_COMPILATION_CONDITIONS = DEBUG;
				SWIFT_OPTIMIZATION_LEVEL = "-Onone";
				TVOS_DEPLOYMENT_TARGET = 14.5;
			};
			name = Debug;
		};
		3595B021265E8AE000FBC6A8 /* Release */ = {
			isa = XCBuildConfiguration;
			buildSettings = {
				ALWAYS_SEARCH_USER_PATHS = NO;
				CLANG_ANALYZER_NONNULL = YES;
				CLANG_ANALYZER_NUMBER_OBJECT_CONVERSION = YES_AGGRESSIVE;
				CLANG_CXX_LANGUAGE_STANDARD = "gnu++14";
				CLANG_CXX_LIBRARY = "libc++";
				CLANG_ENABLE_MODULES = YES;
				CLANG_ENABLE_OBJC_ARC = YES;
				CLANG_ENABLE_OBJC_WEAK = YES;
				CLANG_WARN_BLOCK_CAPTURE_AUTORELEASING = YES;
				CLANG_WARN_BOOL_CONVERSION = YES;
				CLANG_WARN_COMMA = YES;
				CLANG_WARN_CONSTANT_CONVERSION = YES;
				CLANG_WARN_DEPRECATED_OBJC_IMPLEMENTATIONS = YES;
				CLANG_WARN_DIRECT_OBJC_ISA_USAGE = YES_ERROR;
				CLANG_WARN_DOCUMENTATION_COMMENTS = YES;
				CLANG_WARN_EMPTY_BODY = YES;
				CLANG_WARN_ENUM_CONVERSION = YES;
				CLANG_WARN_INFINITE_RECURSION = YES;
				CLANG_WARN_INT_CONVERSION = YES;
				CLANG_WARN_NON_LITERAL_NULL_CONVERSION = YES;
				CLANG_WARN_OBJC_IMPLICIT_RETAIN_SELF = YES;
				CLANG_WARN_OBJC_LITERAL_CONVERSION = YES;
				CLANG_WARN_OBJC_ROOT_CLASS = YES_ERROR;
				CLANG_WARN_QUOTED_INCLUDE_IN_FRAMEWORK_HEADER = YES;
				CLANG_WARN_RANGE_LOOP_ANALYSIS = YES;
				CLANG_WARN_STRICT_PROTOTYPES = YES;
				CLANG_WARN_SUSPICIOUS_MOVE = YES;
				CLANG_WARN_UNGUARDED_AVAILABILITY = YES_AGGRESSIVE;
				CLANG_WARN_UNREACHABLE_CODE = YES;
				CLANG_WARN__DUPLICATE_METHOD_MATCH = YES;
				COPY_PHASE_STRIP = NO;
				DEBUG_INFORMATION_FORMAT = "dwarf-with-dsym";
				ENABLE_NS_ASSERTIONS = NO;
				ENABLE_STRICT_OBJC_MSGSEND = YES;
				GCC_C_LANGUAGE_STANDARD = gnu11;
				GCC_NO_COMMON_BLOCKS = YES;
				GCC_WARN_64_TO_32_BIT_CONVERSION = YES;
				GCC_WARN_ABOUT_RETURN_TYPE = YES_ERROR;
				GCC_WARN_UNDECLARED_SELECTOR = YES;
				GCC_WARN_UNINITIALIZED_AUTOS = YES_AGGRESSIVE;
				GCC_WARN_UNUSED_FUNCTION = YES;
				GCC_WARN_UNUSED_VARIABLE = YES;
				MTL_ENABLE_DEBUG_INFO = NO;
				MTL_FAST_MATH = YES;
				SDKROOT = appletvos;
				SWIFT_COMPILATION_MODE = wholemodule;
				SWIFT_OPTIMIZATION_LEVEL = "-O";
				TVOS_DEPLOYMENT_TARGET = 14.5;
				VALIDATE_PRODUCT = YES;
			};
			name = Release;
		};
		3595B023265E8AE000FBC6A8 /* Debug */ = {
			isa = XCBuildConfiguration;
			buildSettings = {
				ASSETCATALOG_COMPILER_APPICON_NAME = "App Icon & Top Shelf Image";
				ASSETCATALOG_COMPILER_GLOBAL_ACCENT_COLOR_NAME = AccentColor;
				CODE_SIGN_STYLE = Automatic;
				DEVELOPMENT_ASSET_PATHS = "\"land in sight/Preview Content\"";
				DEVELOPMENT_TEAM = P63952MS7L;
				ENABLE_PREVIEWS = YES;
				INFOPLIST_FILE = "land in sight/Info.plist";
				LD_RUNPATH_SEARCH_PATHS = (
					"$(inherited)",
					"@executable_path/Frameworks",
				);
				PRODUCT_BUNDLE_IDENTIFIER = "samuel.land-in-sight";
				PRODUCT_NAME = "$(TARGET_NAME)";
				SWIFT_VERSION = 5.0;
				TARGETED_DEVICE_FAMILY = 3;
				TVOS_DEPLOYMENT_TARGET = 14.0;
			};
			name = Debug;
		};
		3595B024265E8AE000FBC6A8 /* Release */ = {
			isa = XCBuildConfiguration;
			buildSettings = {
				ASSETCATALOG_COMPILER_APPICON_NAME = "App Icon & Top Shelf Image";
				ASSETCATALOG_COMPILER_GLOBAL_ACCENT_COLOR_NAME = AccentColor;
				CODE_SIGN_STYLE = Automatic;
				DEVELOPMENT_ASSET_PATHS = "\"land in sight/Preview Content\"";
				DEVELOPMENT_TEAM = P63952MS7L;
				ENABLE_PREVIEWS = YES;
				INFOPLIST_FILE = "land in sight/Info.plist";
				LD_RUNPATH_SEARCH_PATHS = (
					"$(inherited)",
					"@executable_path/Frameworks",
				);
				PRODUCT_BUNDLE_IDENTIFIER = "samuel.land-in-sight";
				PRODUCT_NAME = "$(TARGET_NAME)";
				SWIFT_VERSION = 5.0;
				TARGETED_DEVICE_FAMILY = 3;
				TVOS_DEPLOYMENT_TARGET = 14.0;
			};
			name = Release;
		};
/* End XCBuildConfiguration section */

/* Begin XCConfigurationList section */
		3595B00E265E8ADE00FBC6A8 /* Build configuration list for PBXProject "land in sight" */ = {
			isa = XCConfigurationList;
			buildConfigurations = (
				3595B020265E8AE000FBC6A8 /* Debug */,
				3595B021265E8AE000FBC6A8 /* Release */,
			);
			defaultConfigurationIsVisible = 0;
			defaultConfigurationName = Release;
		};
		3595B022265E8AE000FBC6A8 /* Build configuration list for PBXNativeTarget "land in sight" */ = {
			isa = XCConfigurationList;
			buildConfigurations = (
				3595B023265E8AE000FBC6A8 /* Debug */,
				3595B024265E8AE000FBC6A8 /* Release */,
			);
			defaultConfigurationIsVisible = 0;
			defaultConfigurationName = Release;
		};
/* End XCConfigurationList section */
	};
	rootObject = 3595B00B265E8ADE00FBC6A8 /* Project object */;
}
